#MicroXplorer Configuration settings - do not modify
Mcu.Family=STM32WL
ProjectManager.MainLocation=Core/Src
I2C2.IPParameters=I2C_Speed_Mode,Timing
RCC.PLLQoutputFreq_Value=16000000
ProjectManager.ProjectFileName=sample.ioc
ProjectManager.KeepUserCode=true
PA15.GPIOParameters=GPIO_Label
Mcu.UserName=STM32WLE5JCIx
Mcu.PinsNb=5
ProjectManager.NoMain=false
PCC.SUBGHZ.OptionalSettings=false
I2C2.Timing=0x00000004
PA0.GPIO_Label=button
ProjectManager.functionlistsort=1-MX_GPIO_Init-GPIO-false-HAL-true,2-SystemClock_Config-RCC-false-HAL-false,3-MX_I2C2_Init-I2C2-false-HAL-true
ProjectManager.DefaultFWLocation=true
PCC.SUBGHZ.RxBoosted=false
ProjectManager.DeletePrevious=true
PB15.Signal=I2C2_SCL
PinOutPanel.RotationAngle=0
PinOutPanel.CurrentBGAView=Top
RCC.FamilyName=M
ProjectManager.StackSize=0x400
PB5.GPIOParameters=GPIO_Label
PCC.SUBGHZ.Output.Power=14
PCC.SUBGHZ.FrequencyBand=High
Mcu.IP2=RCC
NVIC.SVCall_IRQn=true\:0\:0\:false\:false\:true\:false\:false
Mcu.IP3=SYS
PA15.GPIO_Label=sda
Mcu.IP0=I2C2
Mcu.IP1=NVIC
PA15.Locked=true
Mcu.UserConstants=
ProjectManager.TargetToolchain=STM32CubeIDE
Mcu.ThirdPartyNb=0
Mcu.IPNb=4
ProjectManager.PreviousToolchain=
I2C2.I2C_Speed_Mode=I2C_Fast
PB5.Locked=true
ProjectManager.RegisterCallBack=
RCC.LSE_VALUE=32768
Mcu.Pin0=PA15
Mcu.Pin1=PB15
GPIO.groupedBy=Group By Peripherals
Mcu.Pin2=PB5
Mcu.Pin3=PA0
Mcu.Pin4=VP_SYS_VS_Systick
ProjectManager.ProjectBuild=false
RCC.HSE_VALUE=8000000
NVIC.UsageFault_IRQn=true\:0\:0\:false\:false\:true\:false\:false
PA0.Locked=true
NVIC.DebugMonitor_IRQn=true\:0\:0\:false\:false\:true\:false\:false
board=custom
RCC.VCOOutputFreq_Value=32000000
PA15.Mode=I2C
NVIC.SysTick_IRQn=true\:0\:0\:false\:false\:true\:false\:true
ProjectManager.LastFirmware=true
PCC.SUBGHZ.SMPS=Off
PB15.Mode=I2C
ProjectManager.FirmwarePackage=STM32Cube FW_WL V1.0.0
MxDb.Version=DB.6.0.21
ProjectManager.BackupPrevious=false
MxCube.Version=6.2.1
RCC.VCOInputFreq_Value=4000000
PB15.GPIO_Label=scl
RCC.RNGFreq_Value=32000
File.Version=6
VP_SYS_VS_Systick.Mode=SysTick
NVIC.NonMaskableInt_IRQn=true\:0\:0\:false\:false\:true\:false\:false
RCC.PLLRCLKFreq_Value=16000000
NVIC.PendSV_IRQn=true\:0\:0\:false\:false\:true\:false\:false
PB15.GPIOParameters=GPIO_Label
ProjectManager.FreePins=false
RCC.IPParameters=FamilyName,HSE_VALUE,HSI_VALUE,I2S2Freq_Value,LSCOPinFreq_Value,LSE_VALUE,PLLPoutputFreq_Value,PLLQoutputFreq_Value,PLLRCLKFreq_Value,RNGFreq_Value,VCOInputFreq_Value,VCOOutputFreq_Value
ProjectManager.AskForMigrate=true
Mcu.Name=STM32WLE5JCIx
ProjectManager.HalAssertFull=false
ProjectManager.ProjectName=sample
ProjectManager.UnderRoot=true
PA0.Signal=GPIO_Input
ProjectManager.CoupleFile=false
Mcu.Package=UFBGA73
PB5.Signal=GPIO_Output
RCC.I2S2Freq_Value=16000000
NVIC.ForceEnableDMAVector=true
KeepUserPlacement=false
NVIC.MemoryManagement_IRQn=true\:0\:0\:false\:false\:true\:false\:false
ProjectManager.CompilerOptimize=6
PA0.GPIO_PuPd=GPIO_PULLUP
ProjectManager.ToolChainLocation=
VP_SYS_VS_Systick.Signal=SYS_VS_Systick
RCC.LSCOPinFreq_Value=32000
PA15.Signal=I2C2_SDA
ProjectManager.HeapSize=0x200
PCC.SUBGHZ.Modulation=FSK
PA0.GPIOParameters=GPIO_PuPd,GPIO_Label
NVIC.HardFault_IRQn=true\:0\:0\:false\:false\:true\:false\:false
ProjectManager.ComputerToolchain=false
RCC.HSI_VALUE=16000000
NVIC.PriorityGroup=NVIC_PRIORITYGROUP_4
PB5.GPIO_Label=LED2
RCC.PLLPoutputFreq_Value=16000000
NVIC.BusFault_IRQn=true\:0\:0\:false\:false\:true\:false\:false
ProjectManager.CustomerFirmwarePackage=
ProjectManager.DeviceId=STM32WLE5JCIx
ProjectManager.LibraryCopy=2
PCC.SUBGHZ.PowerAmplifier=Low Power
PB15.Locked=true
isbadioc=false
